
Microsoft Visual Studio Solution File, Format Version 12.00
# Visual Studio Version 16
VisualStudioVersion = 16.0.31321.278
MinimumVisualStudioVersion = 10.0.40219.1
Project("{FAE04EC0-301F-11D3-BF4B-00C04F79EFBC}") = "PortalApp", "PortalApp\PortalApp.csproj", "{99A28A7B-1315-41D9-BE59-DE4930933085}"
EndProject
Project("{FAE04EC0-301F-11D3-BF4B-00C04F79EFBC}") = "PrismApp", "PrismApp\PrismApp.csproj", "{32A5A5C7-8173-46E3-ABFB-7584BB1D6912}"
EndProject
Project("{FAE04EC0-301F-11D3-BF4B-00C04F79EFBC}") = "DeadLoackApp", "DeadLoackApp\DeadLoackApp.csproj", "{9C349A6B-400B-41CC-A16C-45EA049283C3}"
EndProject
Project("{FAE04EC0-301F-11D3-BF4B-00C04F79EFBC}") = "DisposeTest", "DisposeTest\DisposeTest.csproj", "{43DA5895-5B4C-4196-9F8B-24C4E9DEEFF6}"
EndProject
Global
	GlobalSection(SolutionConfigurationPlatforms) = preSolution
		Debug|Any CPU = Debug|Any CPU
		Release|Any CPU = Release|Any CPU
	EndGlobalSection
	GlobalSection(ProjectConfigurationPlatforms) = postSolution
		{99A28A7B-1315-41D9-BE59-DE4930933085}.Debug|Any CPU.ActiveCfg = Debug|Any CPU
		{99A28A7B-1315-41D9-BE59-DE4930933085}.Debug|Any CPU.Build.0 = Debug|Any CPU
		{99A28A7B-1315-41D9-BE59-DE4930933085}.Release|Any CPU.ActiveCfg = Release|Any CPU
		{99A28A7B-1315-41D9-BE59-DE4930933085}.Release|Any CPU.Build.0 = Release|Any CPU
		{32A5A5C7-8173-46E3-ABFB-7584BB1D6912}.Debug|Any CPU.ActiveCfg = Debug|Any CPU
		{32A5A5C7-8173-46E3-ABFB-7584BB1D6912}.Debug|Any CPU.Build.0 = Debug|Any CPU
		{32A5A5C7-8173-46E3-ABFB-7584BB1D6912}.Release|Any CPU.ActiveCfg = Release|Any CPU
		{32A5A5C7-8173-46E3-ABFB-7584BB1D6912}.Release|Any CPU.Build.0 = Release|Any CPU
		{9C349A6B-400B-41CC-A16C-45EA049283C3}.Debug|Any CPU.ActiveCfg = Debug|Any CPU
		{9C349A6B-400B-41CC-A16C-45EA049283C3}.Debug|Any CPU.Build.0 = Debug|Any CPU
		{9C349A6B-400B-41CC-A16C-45EA049283C3}.Release|Any CPU.ActiveCfg = Release|Any CPU
		{9C349A6B-400B-41CC-A16C-45EA049283C3}.Release|Any CPU.Build.0 = Release|Any CPU
		{43DA5895-5B4C-4196-9F8B-24C4E9DEEFF6}.Debug|Any CPU.ActiveCfg = Debug|Any CPU
		{43DA5895-5B4C-4196-9F8B-24C4E9DEEFF6}.Debug|Any CPU.Build.0 = Debug|Any CPU
		{43DA5895-5B4C-4196-9F8B-24C4E9DEEFF6}.Release|Any CPU.ActiveCfg = Release|Any CPU
		{43DA5895-5B4C-4196-9F8B-24C4E9DEEFF6}.Release|Any CPU.Build.0 = Release|Any CPU
	EndGlobalSection
	GlobalSection(SolutionProperties) = preSolution
		HideSolutionNode = FALSE
	EndGlobalSection
	GlobalSection(ExtensibilityGlobals) = postSolution
		SolutionGuid = {61FC9C3C-743E-46E4-86BE-36CEBDCB255E}
	EndGlobalSection
EndGlobal
